
Microsoft Visual Studio Solution File, Format Version 12.00
# Visual Studio Version 17
VisualStudioVersion = 17.8.34525.116
MinimumVisualStudioVersion = 10.0.40219.1
Project("{8BC9CEB8-8B4A-11D0-8D11-00A0C91BC942}") = "bf42plus", "bf42plus.vcxproj", "{8EC8D478-85AA-45BC-819F-903336A89F70}"
EndProject
Global
	GlobalSection(SolutionConfigurationPlatforms) = preSolution
		Debug|x86 = Debug|x86
		Release|x86 = Release|x86
	EndGlobalSection
	GlobalSection(ProjectConfigurationPlatforms) = postSolution
		{8EC8D478-85AA-45BC-819F-903336A89F70}.Debug|x86.ActiveCfg = Debug|Win32
		{8EC8D478-85AA-45BC-819F-903336A89F70}.Debug|x86.Build.0 = Debug|Win32
		{8EC8D478-85AA-45BC-819F-903336A89F70}.Release|x86.ActiveCfg = Release|Win32
		{8EC8D478-85AA-45BC-819F-903336A89F70}.Release|x86.Build.0 = Release|Win32
	EndGlobalSection
	GlobalSection(SolutionProperties) = preSolution
		HideSolutionNode = FALSE
	EndGlobalSection
	GlobalSection(ExtensibilityGlobals) = postSolution
		SolutionGuid = {E0652864-A056-4D2E-ACBC-2140C519D45E}
	EndGlobalSection
EndGlobal
